// !$*UTF8*$!
{
	archiveVersion = 1;
	classes = {
	};
	objectVersion = 55;
	objects = {

/* Begin PBXBuildFile section */
		B249933427A2641300246898 /* AppDelegate.swift in Sources */ = {isa = PBXBuildFile; fileRef = B249933327A2641300246898 /* AppDelegate.swift */; };
		B249933627A2641300246898 /* SceneDelegate.swift in Sources */ = {isa = PBXBuildFile; fileRef = B249933527A2641300246898 /* SceneDelegate.swift */; };
		B249933827A2641300246898 /* ViewController.swift in Sources */ = {isa = PBXBuildFile; fileRef = B249933727A2641300246898 /* ViewController.swift */; };
		B249933B27A2641300246898 /* Main.storyboard in Resources */ = {isa = PBXBuildFile; fileRef = B249933927A2641300246898 /* Main.storyboard */; };
		B249933D27A2641500246898 /* Assets.xcassets in Resources */ = {isa = PBXBuildFile; fileRef = B249933C27A2641500246898 /* Assets.xcassets */; };
		B249934027A2641500246898 /* LaunchScreen.storyboard in Resources */ = {isa = PBXBuildFile; fileRef = B249933E27A2641500246898 /* LaunchScreen.storyboard */; };
		B249934527A2641500246898 /* loop timer WatchKit App.app in Embed Watch Content */ = {isa = PBXBuildFile; fileRef = B249934427A2641500246898 /* loop timer WatchKit App.app */; settings = {ATTRIBUTES = (RemoveHeadersOnCopy, ); }; };
		B249934B27A2641500246898 /* Interface.storyboard in Resources */ = {isa = PBXBuildFile; fileRef = B249934927A2641500246898 /* Interface.storyboard */; };
		B249934D27A2641600246898 /* Assets.xcassets in Resources */ = {isa = PBXBuildFile; fileRef = B249934C27A2641600246898 /* Assets.xcassets */; };
		B249935327A2641600246898 /* loop timer WatchKit Extension.appex in Embed App Extensions */ = {isa = PBXBuildFile; fileRef = B249935227A2641600246898 /* loop timer WatchKit Extension.appex */; settings = {ATTRIBUTES = (RemoveHeadersOnCopy, ); }; };
		B249935827A2641600246898 /* InterfaceController.swift in Sources */ = {isa = PBXBuildFile; fileRef = B249935727A2641600246898 /* InterfaceController.swift */; };
		B249935A27A2641600246898 /* ExtensionDelegate.swift in Sources */ = {isa = PBXBuildFile; fileRef = B249935927A2641600246898 /* ExtensionDelegate.swift */; };
		B249935C27A2641600246898 /* NotificationController.swift in Sources */ = {isa = PBXBuildFile; fileRef = B249935B27A2641600246898 /* NotificationController.swift */; };
		B249935E27A2641600246898 /* ComplicationController.swift in Sources */ = {isa = PBXBuildFile; fileRef = B249935D27A2641600246898 /* ComplicationController.swift */; };
		B249936027A2641600246898 /* Assets.xcassets in Resources */ = {isa = PBXBuildFile; fileRef = B249935F27A2641600246898 /* Assets.xcassets */; };
/* End PBXBuildFile section */

/* Begin PBXContainerItemProxy section */
		B249934627A2641500246898 /* PBXContainerItemProxy */ = {
			isa = PBXContainerItemProxy;
			containerPortal = B249932827A2641300246898 /* Project object */;
			proxyType = 1;
			remoteGlobalIDString = B249934327A2641500246898;
			remoteInfo = "loop timer WatchKit App";
		};
		B249935427A2641600246898 /* PBXContainerItemProxy */ = {
			isa = PBXContainerItemProxy;
			containerPortal = B249932827A2641300246898 /* Project object */;
			proxyType = 1;
			remoteGlobalIDString = B249935127A2641600246898;
			remoteInfo = "loop timer WatchKit Extension";
		};
/* End PBXContainerItemProxy section */

/* Begin PBXCopyFilesBuildPhase section */
		B249936827A2641600246898 /* Embed App Extensions */ = {
			isa = PBXCopyFilesBuildPhase;
			buildActionMask = 2147483647;
			dstPath = "";
			dstSubfolderSpec = 13;
			files = (
				B249935327A2641600246898 /* loop timer WatchKit Extension.appex in Embed App Extensions */,
			);
			name = "Embed App Extensions";
			runOnlyForDeploymentPostprocessing = 0;
		};
		B249936C27A2641600246898 /* Embed Watch Content */ = {
			isa = PBXCopyFilesBuildPhase;
			buildActionMask = 2147483647;
			dstPath = "$(CONTENTS_FOLDER_PATH)/Watch";
			dstSubfolderSpec = 16;
			files = (
				B249934527A2641500246898 /* loop timer WatchKit App.app in Embed Watch Content */,
			);
			name = "Embed Watch Content";
			runOnlyForDeploymentPostprocessing = 0;
		};
/* End PBXCopyFilesBuildPhase section */

/* Begin PBXFileReference section */
		B249933027A2641300246898 /* loop timer.app */ = {isa = PBXFileReference; explicitFileType = wrapper.application; includeInIndex = 0; path = "loop timer.app"; sourceTree = BUILT_PRODUCTS_DIR; };
		B249933327A2641300246898 /* AppDelegate.swift */ = {isa = PBXFileReference; lastKnownFileType = sourcecode.swift; path = AppDelegate.swift; sourceTree = "<group>"; };
		B249933527A2641300246898 /* SceneDelegate.swift */ = {isa = PBXFileReference; lastKnownFileType = sourcecode.swift; path = SceneDelegate.swift; sourceTree = "<group>"; };
		B249933727A2641300246898 /* ViewController.swift */ = {isa = PBXFileReference; lastKnownFileType = sourcecode.swift; path = ViewController.swift; sourceTree = "<group>"; };
		B249933A27A2641300246898 /* Base */ = {isa = PBXFileReference; lastKnownFileType = file.storyboard; name = Base; path = Base.lproj/Main.storyboard; sourceTree = "<group>"; };
		B249933C27A2641500246898 /* Assets.xcassets */ = {isa = PBXFileReference; lastKnownFileType = folder.assetcatalog; path = Assets.xcassets; sourceTree = "<group>"; };
		B249933F27A2641500246898 /* Base */ = {isa = PBXFileReference; lastKnownFileType = file.storyboard; name = Base; path = Base.lproj/LaunchScreen.storyboard; sourceTree = "<group>"; };
		B249934127A2641500246898 /* Info.plist */ = {isa = PBXFileReference; lastKnownFileType = text.plist.xml; path = Info.plist; sourceTree = "<group>"; };
		B249934427A2641500246898 /* loop timer WatchKit App.app */ = {isa = PBXFileReference; explicitFileType = wrapper.application; includeInIndex = 0; path = "loop timer WatchKit App.app"; sourceTree = BUILT_PRODUCTS_DIR; };
		B249934A27A2641500246898 /* Base */ = {isa = PBXFileReference; lastKnownFileType = file.storyboard; name = Base; path = Base.lproj/Interface.storyboard; sourceTree = "<group>"; };
		B249934C27A2641600246898 /* Assets.xcassets */ = {isa = PBXFileReference; lastKnownFileType = folder.assetcatalog; path = Assets.xcassets; sourceTree = "<group>"; };
		B249935227A2641600246898 /* loop timer WatchKit Extension.appex */ = {isa = PBXFileReference; explicitFileType = "wrapper.app-extension"; includeInIndex = 0; path = "loop timer WatchKit Extension.appex"; sourceTree = BUILT_PRODUCTS_DIR; };
		B249935727A2641600246898 /* InterfaceController.swift */ = {isa = PBXFileReference; lastKnownFileType = sourcecode.swift; path = InterfaceController.swift; sourceTree = "<group>"; };
		B249935927A2641600246898 /* ExtensionDelegate.swift */ = {isa = PBXFileReference; lastKnownFileType = sourcecode.swift; path = ExtensionDelegate.swift; sourceTree = "<group>"; };
		B249935B27A2641600246898 /* NotificationController.swift */ = {isa = PBXFileReference; lastKnownFileType = sourcecode.swift; path = NotificationController.swift; sourceTree = "<group>"; };
		B249935D27A2641600246898 /* ComplicationController.swift */ = {isa = PBXFileReference; lastKnownFileType = sourcecode.swift; path = ComplicationController.swift; sourceTree = "<group>"; };
		B249935F27A2641600246898 /* Assets.xcassets */ = {isa = PBXFileReference; lastKnownFileType = folder.assetcatalog; path = Assets.xcassets; sourceTree = "<group>"; };
		B249936127A2641600246898 /* Info.plist */ = {isa = PBXFileReference; lastKnownFileType = text.plist.xml; path = Info.plist; sourceTree = "<group>"; };
		B249936227A2641600246898 /* PushNotificationPayload.apns */ = {isa = PBXFileReference; lastKnownFileType = text; path = PushNotificationPayload.apns; sourceTree = "<group>"; };
/* End PBXFileReference section */

/* Begin PBXFrameworksBuildPhase section */
		B249932D27A2641300246898 /* Frameworks */ = {
			isa = PBXFrameworksBuildPhase;
			buildActionMask = 2147483647;
			files = (
			);
			runOnlyForDeploymentPostprocessing = 0;
		};
		B249934F27A2641600246898 /* Frameworks */ = {
			isa = PBXFrameworksBuildPhase;
			buildActionMask = 2147483647;
			files = (
			);
			runOnlyForDeploymentPostprocessing = 0;
		};
/* End PBXFrameworksBuildPhase section */

/* Begin PBXGroup section */
		B249932727A2641300246898 = {
			isa = PBXGroup;
			children = (
				B249933227A2641300246898 /* loop timer */,
				B249934827A2641500246898 /* loop timer WatchKit App */,
				B249935627A2641600246898 /* loop timer WatchKit Extension */,
				B249933127A2641300246898 /* Products */,
			);
			sourceTree = "<group>";
		};
		B249933127A2641300246898 /* Products */ = {
			isa = PBXGroup;
			children = (
				B249933027A2641300246898 /* loop timer.app */,
				B249934427A2641500246898 /* loop timer WatchKit App.app */,
				B249935227A2641600246898 /* loop timer WatchKit Extension.appex */,
			);
			name = Products;
			sourceTree = "<group>";
		};
		B249933227A2641300246898 /* loop timer */ = {
			isa = PBXGroup;
			children = (
				B249933327A2641300246898 /* AppDelegate.swift */,
				B249933527A2641300246898 /* SceneDelegate.swift */,
				B249933727A2641300246898 /* ViewController.swift */,
				B249933927A2641300246898 /* Main.storyboard */,
				B249933C27A2641500246898 /* Assets.xcassets */,
				B249933E27A2641500246898 /* LaunchScreen.storyboard */,
				B249934127A2641500246898 /* Info.plist */,
			);
			path = "loop timer";
			sourceTree = "<group>";
		};
		B249934827A2641500246898 /* loop timer WatchKit App */ = {
			isa = PBXGroup;
			children = (
				B249934927A2641500246898 /* Interface.storyboard */,
				B249934C27A2641600246898 /* Assets.xcassets */,
			);
			path = "loop timer WatchKit App";
			sourceTree = "<group>";
		};
		B249935627A2641600246898 /* loop timer WatchKit Extension */ = {
			isa = PBXGroup;
			children = (
				B249935727A2641600246898 /* InterfaceController.swift */,
				B249935927A2641600246898 /* ExtensionDelegate.swift */,
				B249935B27A2641600246898 /* NotificationController.swift */,
				B249935D27A2641600246898 /* ComplicationController.swift */,
				B249935F27A2641600246898 /* Assets.xcassets */,
				B249936127A2641600246898 /* Info.plist */,
				B249936227A2641600246898 /* PushNotificationPayload.apns */,
			);
			path = "loop timer WatchKit Extension";
			sourceTree = "<group>";
		};
/* End PBXGroup section */

/* Begin PBXNativeTarget section */
		B249932F27A2641300246898 /* loop timer */ = {
			isa = PBXNativeTarget;
			buildConfigurationList = B249936D27A2641600246898 /* Build configuration list for PBXNativeTarget "loop timer" */;
			buildPhases = (
				B249932C27A2641300246898 /* Sources */,
				B249932D27A2641300246898 /* Frameworks */,
				B249932E27A2641300246898 /* Resources */,
				B249936C27A2641600246898 /* Embed Watch Content */,
			);
			buildRules = (
			);
			dependencies = (
				B249934727A2641500246898 /* PBXTargetDependency */,
			);
			name = "loop timer";
			productName = "loop timer";
			productReference = B249933027A2641300246898 /* loop timer.app */;
			productType = "com.apple.product-type.application";
		};
		B249934327A2641500246898 /* loop timer WatchKit App */ = {
			isa = PBXNativeTarget;
			buildConfigurationList = B249936927A2641600246898 /* Build configuration list for PBXNativeTarget "loop timer WatchKit App" */;
			buildPhases = (
				B249934227A2641500246898 /* Resources */,
				B249936827A2641600246898 /* Embed App Extensions */,
			);
			buildRules = (
			);
			dependencies = (
				B249935527A2641600246898 /* PBXTargetDependency */,
			);
			name = "loop timer WatchKit App";
			productName = "loop timer WatchKit App";
			productReference = B249934427A2641500246898 /* loop timer WatchKit App.app */;
			productType = "com.apple.product-type.application.watchapp2";
		};
		B249935127A2641600246898 /* loop timer WatchKit Extension */ = {
			isa = PBXNativeTarget;
			buildConfigurationList = B249936527A2641600246898 /* Build configuration list for PBXNativeTarget "loop timer WatchKit Extension" */;
			buildPhases = (
				B249934E27A2641600246898 /* Sources */,
				B249934F27A2641600246898 /* Frameworks */,
				B249935027A2641600246898 /* Resources */,
			);
			buildRules = (
			);
			dependencies = (
			);
			name = "loop timer WatchKit Extension";
			productName = "loop timer WatchKit Extension";
			productReference = B249935227A2641600246898 /* loop timer WatchKit Extension.appex */;
			productType = "com.apple.product-type.watchkit2-extension";
		};
/* End PBXNativeTarget section */

/* Begin PBXProject section */
		B249932827A2641300246898 /* Project object */ = {
			isa = PBXProject;
			attributes = {
				BuildIndependentTargetsInParallel = 1;
				LastSwiftUpdateCheck = 1320;
				LastUpgradeCheck = 1320;
				TargetAttributes = {
					B249932F27A2641300246898 = {
						CreatedOnToolsVersion = 13.2.1;
					};
					B249934327A2641500246898 = {
						CreatedOnToolsVersion = 13.2.1;
					};
					B249935127A2641600246898 = {
						CreatedOnToolsVersion = 13.2.1;
					};
				};
			};
			buildConfigurationList = B249932B27A2641300246898 /* Build configuration list for PBXProject "loop timer" */;
			compatibilityVersion = "Xcode 13.0";
			developmentRegion = en;
			hasScannedForEncodings = 0;
			knownRegions = (
				en,
				Base,
			);
			mainGroup = B249932727A2641300246898;
			productRefGroup = B249933127A2641300246898 /* Products */;
			projectDirPath = "";
			projectRoot = "";
			targets = (
				B249932F27A2641300246898 /* loop timer */,
				B249934327A2641500246898 /* loop timer WatchKit App */,
				B249935127A2641600246898 /* loop timer WatchKit Extension */,
			);
		};
/* End PBXProject section */

/* Begin PBXResourcesBuildPhase section */
		B249932E27A2641300246898 /* Resources */ = {
			isa = PBXResourcesBuildPhase;
			buildActionMask = 2147483647;
			files = (
				B249934027A2641500246898 /* LaunchScreen.storyboard in Resources */,
				B249933D27A2641500246898 /* Assets.xcassets in Resources */,
				B249933B27A2641300246898 /* Main.storyboard in Resources */,
			);
			runOnlyForDeploymentPostprocessing = 0;
		};
		B249934227A2641500246898 /* Resources */ = {
			isa = PBXResourcesBuildPhase;
			buildActionMask = 2147483647;
			files = (
				B249934D27A2641600246898 /* Assets.xcassets in Resources */,
				B249934B27A2641500246898 /* Interface.storyboard in Resources */,
			);
			runOnlyForDeploymentPostprocessing = 0;
		};
		B249935027A2641600246898 /* Resources */ = {
			isa = PBXResourcesBuildPhase;
			buildActionMask = 2147483647;
			files = (
				B249936027A2641600246898 /* Assets.xcassets in Resources */,
			);
			runOnlyForDeploymentPostprocessing = 0;
		};
/* End PBXResourcesBuildPhase section */

/* Begin PBXSourcesBuildPhase section */
		B249932C27A2641300246898 /* Sources */ = {
			isa = PBXSourcesBuildPhase;
			buildActionMask = 2147483647;
			files = (
				B249933827A2641300246898 /* ViewController.swift in Sources */,
				B249933427A2641300246898 /* AppDelegate.swift in Sources */,
				B249933627A2641300246898 /* SceneDelegate.swift in Sources */,
			);
			runOnlyForDeploymentPostprocessing = 0;
		};
		B249934E27A2641600246898 /* Sources */ = {
			isa = PBXSourcesBuildPhase;
			buildActionMask = 2147483647;
			files = (
				B249935C27A2641600246898 /* NotificationController.swift in Sources */,
				B249935E27A2641600246898 /* ComplicationController.swift in Sources */,
				B249935A27A2641600246898 /* ExtensionDelegate.swift in Sources */,
				B249935827A2641600246898 /* InterfaceController.swift in Sources */,
			);
			runOnlyForDeploymentPostprocessing = 0;
		};
/* End PBXSourcesBuildPhase section */

/* Begin PBXTargetDependency section */
		B249934727A2641500246898 /* PBXTargetDependency */ = {
			isa = PBXTargetDependency;
			target = B249934327A2641500246898 /* loop timer WatchKit App */;
			targetProxy = B249934627A2641500246898 /* PBXContainerItemProxy */;
		};
		B249935527A2641600246898 /* PBXTargetDependency */ = {
			isa = PBXTargetDependency;
			target = B249935127A2641600246898 /* loop timer WatchKit Extension */;
			targetProxy = B249935427A2641600246898 /* PBXContainerItemProxy */;
		};
/* End PBXTargetDependency section */

/* Begin PBXVariantGroup section */
		B249933927A2641300246898 /* Main.storyboard */ = {
			isa = PBXVariantGroup;
			children = (
				B249933A27A2641300246898 /* Base */,
			);
			name = Main.storyboard;
			sourceTree = "<group>";
		};
		B249933E27A2641500246898 /* LaunchScreen.storyboard */ = {
			isa = PBXVariantGroup;
			children = (
				B249933F27A2641500246898 /* Base */,
			);
			name = LaunchScreen.storyboard;
			sourceTree = "<group>";
		};
		B249934927A2641500246898 /* Interface.storyboard */ = {
			isa = PBXVariantGroup;
			children = (
				B249934A27A2641500246898 /* Base */,
			);
			name = Interface.storyboard;
			sourceTree = "<group>";
		};
/* End PBXVariantGroup section */

/* Begin XCBuildConfiguration section */
		B249936327A2641600246898 /* Debug */ = {
			isa = XCBuildConfiguration;
			buildSettings = {
				ALWAYS_SEARCH_USER_PATHS = NO;
				CLANG_ANALYZER_NONNULL = YES;
				CLANG_ANALYZER_NUMBER_OBJECT_CONVERSION = YES_AGGRESSIVE;
				CLANG_CXX_LANGUAGE_STANDARD = "gnu++17";
				CLANG_CXX_LIBRARY = "libc++";
				CLANG_ENABLE_MODULES = YES;
				CLANG_ENABLE_OBJC_ARC = YES;
				CLANG_ENABLE_OBJC_WEAK = YES;
				CLANG_WARN_BLOCK_CAPTURE_AUTORELEASING = YES;
				CLANG_WARN_BOOL_CONVERSION = YES;
				CLANG_WARN_COMMA = YES;
				CLANG_WARN_CONSTANT_CONVERSION = YES;
				CLANG_WARN_DEPRECATED_OBJC_IMPLEMENTATIONS = YES;
				CLANG_WARN_DIRECT_OBJC_ISA_USAGE = YES_ERROR;
				CLANG_WARN_DOCUMENTATION_COMMENTS = YES;
				CLANG_WARN_EMPTY_BODY = YES;
				CLANG_WARN_ENUM_CONVERSION = YES;
				CLANG_WARN_INFINITE_RECURSION = YES;
				CLANG_WARN_INT_CONVERSION = YES;
				CLANG_WARN_NON_LITERAL_NULL_CONVERSION = YES;
				CLANG_WARN_OBJC_IMPLICIT_RETAIN_SELF = YES;
				CLANG_WARN_OBJC_LITERAL_CONVERSION = YES;
				CLANG_WARN_OBJC_ROOT_CLASS = YES_ERROR;
				CLANG_WARN_QUOTED_INCLUDE_IN_FRAMEWORK_HEADER = YES;
				CLANG_WARN_RANGE_LOOP_ANALYSIS = YES;
				CLANG_WARN_STRICT_PROTOTYPES = YES;
				CLANG_WARN_SUSPICIOUS_MOVE = YES;
				CLANG_WARN_UNGUARDED_AVAILABILITY = YES_AGGRESSIVE;
				CLANG_WARN_UNREACHABLE_CODE = YES;
				CLANG_WARN__DUPLICATE_METHOD_MATCH = YES;
				COPY_PHASE_STRIP = NO;
				DEBUG_INFORMATION_FORMAT = dwarf;
				ENABLE_STRICT_OBJC_MSGSEND = YES;
				ENABLE_TESTABILITY = YES;
				GCC_C_LANGUAGE_STANDARD = gnu11;
				GCC_DYNAMIC_NO_PIC = NO;
				GCC_NO_COMMON_BLOCKS = YES;
				GCC_OPTIMIZATION_LEVEL = 0;
				GCC_PREPROCESSOR_DEFINITIONS = (
					"DEBUG=1",
					"$(inherited)",
				);
				GCC_WARN_64_TO_32_BIT_CONVERSION = YES;
				GCC_WARN_ABOUT_RETURN_TYPE = YES_ERROR;
				GCC_WARN_UNDECLARED_SELECTOR = YES;
				GCC_WARN_UNINITIALIZED_AUTOS = YES_AGGRESSIVE;
				GCC_WARN_UNUSED_FUNCTION = YES;
				GCC_WARN_UNUSED_VARIABLE = YES;
				MTL_ENABLE_DEBUG_INFO = INCLUDE_SOURCE;
				MTL_FAST_MATH = YES;
				ONLY_ACTIVE_ARCH = YES;
				SWIFT_ACTIVE_COMPILATION_CONDITIONS = DEBUG;
				SWIFT_OPTIMIZATION_LEVEL = "-Onone";
			};
			name = Debug;
		};
		B249936427A2641600246898 /* Release */ = {
			isa = XCBuildConfiguration;
			buildSettings = {
				ALWAYS_SEARCH_USER_PATHS = NO;
				CLANG_ANALYZER_NONNULL = YES;
				CLANG_ANALYZER_NUMBER_OBJECT_CONVERSION = YES_AGGRESSIVE;
				CLANG_CXX_LANGUAGE_STANDARD = "gnu++17";
				CLANG_CXX_LIBRARY = "libc++";
				CLANG_ENABLE_MODULES = YES;
				CLANG_ENABLE_OBJC_ARC = YES;
				CLANG_ENABLE_OBJC_WEAK = YES;
				CLANG_WARN_BLOCK_CAPTURE_AUTORELEASING = YES;
				CLANG_WARN_BOOL_CONVERSION = YES;
				CLANG_WARN_COMMA = YES;
				CLANG_WARN_CONSTANT_CONVERSION = YES;
				CLANG_WARN_DEPRECATED_OBJC_IMPLEMENTATIONS = YES;
				CLANG_WARN_DIRECT_OBJC_ISA_USAGE = YES_ERROR;
				CLANG_WARN_DOCUMENTATION_COMMENTS = YES;
				CLANG_WARN_EMPTY_BODY = YES;
				CLANG_WARN_ENUM_CONVERSION = YES;
				CLANG_WARN_INFINITE_RECURSION = YES;
				CLANG_WARN_INT_CONVERSION = YES;
				CLANG_WARN_NON_LITERAL_NULL_CONVERSION = YES;
				CLANG_WARN_OBJC_IMPLICIT_RETAIN_SELF = YES;
				CLANG_WARN_OBJC_LITERAL_CONVERSION = YES;
				CLANG_WARN_OBJC_ROOT_CLASS = YES_ERROR;
				CLANG_WARN_QUOTED_INCLUDE_IN_FRAMEWORK_HEADER = YES;
				CLANG_WARN_RANGE_LOOP_ANALYSIS = YES;
				CLANG_WARN_STRICT_PROTOTYPES = YES;
				CLANG_WARN_SUSPICIOUS_MOVE = YES;
				CLANG_WARN_UNGUARDED_AVAILABILITY = YES_AGGRESSIVE;
				CLANG_WARN_UNREACHABLE_CODE = YES;
				CLANG_WARN__DUPLICATE_METHOD_MATCH = YES;
				COPY_PHASE_STRIP = NO;
				DEBUG_INFORMATION_FORMAT = "dwarf-with-dsym";
				ENABLE_NS_ASSERTIONS = NO;
				ENABLE_STRICT_OBJC_MSGSEND = YES;
				GCC_C_LANGUAGE_STANDARD = gnu11;
				GCC_NO_COMMON_BLOCKS = YES;
				GCC_WARN_64_TO_32_BIT_CONVERSION = YES;
				GCC_WARN_ABOUT_RETURN_TYPE = YES_ERROR;
				GCC_WARN_UNDECLARED_SELECTOR = YES;
				GCC_WARN_UNINITIALIZED_AUTOS = YES_AGGRESSIVE;
				GCC_WARN_UNUSED_FUNCTION = YES;
				GCC_WARN_UNUSED_VARIABLE = YES;
				MTL_ENABLE_DEBUG_INFO = NO;
				MTL_FAST_MATH = YES;
				SWIFT_COMPILATION_MODE = wholemodule;
				SWIFT_OPTIMIZATION_LEVEL = "-O";
			};
			name = Release;
		};
		B249936627A2641600246898 /* Debug */ = {
			isa = XCBuildConfiguration;
			buildSettings = {
				ASSETCATALOG_COMPILER_COMPLICATION_NAME = Complication;
				CODE_SIGN_STYLE = Automatic;
				CURRENT_PROJECT_VERSION = 1;
				DEVELOPMENT_TEAM = Y6KP3DU6GX;
				GENERATE_INFOPLIST_FILE = YES;
				INFOPLIST_FILE = "loop timer WatchKit Extension/Info.plist";
				INFOPLIST_KEY_CFBundleDisplayName = "loop timer WatchKit Extension";
				INFOPLIST_KEY_CLKComplicationPrincipalClass = "$(PRODUCT_MODULE_NAME).ComplicationController";
				INFOPLIST_KEY_NSHumanReadableCopyright = "";
				INFOPLIST_KEY_WKExtensionDelegateClassName = "$(PRODUCT_MODULE_NAME).ExtensionDelegate";
				INFOPLIST_KEY_WKRunsIndependentlyOfCompanionApp = YES;
				LD_RUNPATH_SEARCH_PATHS = (
					"$(inherited)",
					"@executable_path/Frameworks",
					"@executable_path/../../Frameworks",
				);
				MARKETING_VERSION = 1.0;
				PRODUCT_BUNDLE_IDENTIFIER = "com.christophertracton.loop-timer.watchkitapp.watchkitextension";
				PRODUCT_NAME = "${TARGET_NAME}";
				SDKROOT = watchos;
				SKIP_INSTALL = YES;
				SWIFT_EMIT_LOC_STRINGS = YES;
				SWIFT_VERSION = 5.0;
				TARGETED_DEVICE_FAMILY = 4;
				WATCHOS_DEPLOYMENT_TARGET = 8.3;
			};
			name = Debug;
		};
		B249936727A2641600246898 /* Release */ = {
			isa = XCBuildConfiguration;
			buildSettings = {
				ASSETCATALOG_COMPILER_COMPLICATION_NAME = Complication;
				CODE_SIGN_STYLE = Automatic;
				CURRENT_PROJECT_VERSION = 1;
				DEVELOPMENT_TEAM = Y6KP3DU6GX;
				GENERATE_INFOPLIST_FILE = YES;
				INFOPLIST_FILE = "loop timer WatchKit Extension/Info.plist";
				INFOPLIST_KEY_CFBundleDisplayName = "loop timer WatchKit Extension";
				INFOPLIST_KEY_CLKComplicationPrincipalClass = "$(PRODUCT_MODULE_NAME).ComplicationController";
				INFOPLIST_KEY_NSHumanReadableCopyright = "";
				INFOPLIST_KEY_WKExtensionDelegateClassName = "$(PRODUCT_MODULE_NAME).ExtensionDelegate";
				INFOPLIST_KEY_WKRunsIndependentlyOfCompanionApp = YES;
				LD_RUNPATH_SEARCH_PATHS = (
					"$(inherited)",
					"@executable_path/Frameworks",
					"@executable_path/../../Frameworks",
				);
				MARKETING_VERSION = 1.0;
				PRODUCT_BUNDLE_IDENTIFIER = "com.christophertracton.loop-timer.watchkitapp.watchkitextension";
				PRODUCT_NAME = "${TARGET_NAME}";
				SDKROOT = watchos;
				SKIP_INSTALL = YES;
				SWIFT_EMIT_LOC_STRINGS = YES;
				SWIFT_VERSION = 5.0;
				TARGETED_DEVICE_FAMILY = 4;
				VALIDATE_PRODUCT = YES;
				WATCHOS_DEPLOYMENT_TARGET = 8.3;
			};
			name = Release;
		};
		B249936A27A2641600246898 /* Debug */ = {
			isa = XCBuildConfiguration;
			buildSettings = {
				ALWAYS_EMBED_SWIFT_STANDARD_LIBRARIES = YES;
				ASSETCATALOG_COMPILER_APPICON_NAME = AppIcon;
				ASSETCATALOG_COMPILER_GLOBAL_ACCENT_COLOR_NAME = AccentColor;
				CODE_SIGN_STYLE = Automatic;
				CURRENT_PROJECT_VERSION = 1;
				DEVELOPMENT_TEAM = Y6KP3DU6GX;
				GENERATE_INFOPLIST_FILE = YES;
				IBSC_MODULE = loop_timer_WatchKit_Extension;
				INFOPLIST_KEY_CFBundleDisplayName = "loop timer WatchKit App";
				INFOPLIST_KEY_UISupportedInterfaceOrientations = "UIInterfaceOrientationPortrait UIInterfaceOrientationPortraitUpsideDown";
				INFOPLIST_KEY_WKCompanionAppBundleIdentifier = "com.christophertracton.loop-timer";
				MARKETING_VERSION = 1.0;
				PRODUCT_BUNDLE_IDENTIFIER = "com.christophertracton.loop-timer.watchkitapp";
				PRODUCT_NAME = "$(TARGET_NAME)";
				SDKROOT = watchos;
				SKIP_INSTALL = YES;
				SWIFT_EMIT_LOC_STRINGS = YES;
				SWIFT_VERSION = 5.0;
				TARGETED_DEVICE_FAMILY = 4;
				WATCHOS_DEPLOYMENT_TARGET = 8.3;
			};
			name = Debug;
		};
		B249936B27A2641600246898 /* Release */ = {
			isa = XCBuildConfiguration;
			buildSettings = {
				ALWAYS_EMBED_SWIFT_STANDARD_LIBRARIES = YES;
				ASSETCATALOG_COMPILER_APPICON_NAME = AppIcon;
				ASSETCATALOG_COMPILER_GLOBAL_ACCENT_COLOR_NAME = AccentColor;
				CODE_SIGN_STYLE = Automatic;
				CURRENT_PROJECT_VERSION = 1;
				DEVELOPMENT_TEAM = Y6KP3DU6GX;
				GENERATE_INFOPLIST_FILE = YES;
				IBSC_MODULE = loop_timer_WatchKit_Extension;
				INFOPLIST_KEY_CFBundleDisplayName = "loop timer WatchKit App";
				INFOPLIST_KEY_UISupportedInterfaceOrientations = "UIInterfaceOrientationPortrait UIInterfaceOrientationPortraitUpsideDown";
				INFOPLIST_KEY_WKCompanionAppBundleIdentifier = "com.christophertracton.loop-timer";
				MARKETING_VERSION = 1.0;
				PRODUCT_BUNDLE_IDENTIFIER = "com.christophertracton.loop-timer.watchkitapp";
				PRODUCT_NAME = "$(TARGET_NAME)";
				SDKROOT = watchos;
				SKIP_INSTALL = YES;
				SWIFT_EMIT_LOC_STRINGS = YES;
				SWIFT_VERSION = 5.0;
				TARGETED_DEVICE_FAMILY = 4;
				VALIDATE_PRODUCT = YES;
				WATCHOS_DEPLOYMENT_TARGET = 8.3;
			};
			name = Release;
		};
		B249936E27A2641600246898 /* Debug */ = {
			isa = XCBuildConfiguration;
			buildSettings = {
				ASSETCATALOG_COMPILER_APPICON_NAME = AppIcon;
				ASSETCATALOG_COMPILER_GLOBAL_ACCENT_COLOR_NAME = AccentColor;
				CODE_SIGN_STYLE = Automatic;
				CURRENT_PROJECT_VERSION = 1;
				DEVELOPMENT_TEAM = Y6KP3DU6GX;
				GENERATE_INFOPLIST_FILE = YES;
				INFOPLIST_FILE = "loop timer/Info.plist";
				INFOPLIST_KEY_UIApplicationSupportsIndirectInputEvents = YES;
				INFOPLIST_KEY_UILaunchStoryboardName = LaunchScreen;
				INFOPLIST_KEY_UIMainStoryboardFile = Main;
				INFOPLIST_KEY_UISupportedInterfaceOrientations_iPad = "UIInterfaceOrientationPortrait UIInterfaceOrientationPortraitUpsideDown UIInterfaceOrientationLandscapeLeft UIInterfaceOrientationLandscapeRight";
				INFOPLIST_KEY_UISupportedInterfaceOrientations_iPhone = "UIInterfaceOrientationPortrait UIInterfaceOrientationLandscapeLeft UIInterfaceOrientationLandscapeRight";
				IPHONEOS_DEPLOYMENT_TARGET = 15.2;
				LD_RUNPATH_SEARCH_PATHS = (
					"$(inherited)",
					"@executable_path/Frameworks",
				);
				MARKETING_VERSION = 1.0;
				PRODUCT_BUNDLE_IDENTIFIER = "com.christophertracton.loop-timer";
				PRODUCT_NAME = "$(TARGET_NAME)";
				SDKROOT = iphoneos;
				SWIFT_EMIT_LOC_STRINGS = YES;
				SWIFT_VERSION = 5.0;
				TARGETED_DEVICE_FAMILY = "1,2";
			};
			name = Debug;
		};
		B249936F27A2641600246898 /* Release */ = {
			isa = XCBuildConfiguration;
			buildSettings = {
				ASSETCATALOG_COMPILER_APPICON_NAME = AppIcon;
				ASSETCATALOG_COMPILER_GLOBAL_ACCENT_COLOR_NAME = AccentColor;
				CODE_SIGN_STYLE = Automatic;
				CURRENT_PROJECT_VERSION = 1;
				DEVELOPMENT_TEAM = Y6KP3DU6GX;
				GENERATE_INFOPLIST_FILE = YES;
				INFOPLIST_FILE = "loop timer/Info.plist";
				INFOPLIST_KEY_UIApplicationSupportsIndirectInputEvents = YES;
				INFOPLIST_KEY_UILaunchStoryboardName = LaunchScreen;
				INFOPLIST_KEY_UIMainStoryboardFile = Main;
				INFOPLIST_KEY_UISupportedInterfaceOrientations_iPad = "UIInterfaceOrientationPortrait UIInterfaceOrientationPortraitUpsideDown UIInterfaceOrientationLandscapeLeft UIInterfaceOrientationLandscapeRight";
				INFOPLIST_KEY_UISupportedInterfaceOrientations_iPhone = "UIInterfaceOrientationPortrait UIInterfaceOrientationLandscapeLeft UIInterfaceOrientationLandscapeRight";
				IPHONEOS_DEPLOYMENT_TARGET = 15.2;
				LD_RUNPATH_SEARCH_PATHS = (
					"$(inherited)",
					"@executable_path/Frameworks",
				);
				MARKETING_VERSION = 1.0;
				PRODUCT_BUNDLE_IDENTIFIER = "com.christophertracton.loop-timer";
				PRODUCT_NAME = "$(TARGET_NAME)";
				SDKROOT = iphoneos;
				SWIFT_EMIT_LOC_STRINGS = YES;
				SWIFT_VERSION = 5.0;
				TARGETED_DEVICE_FAMILY = "1,2";
				VALIDATE_PRODUCT = YES;
			};
			name = Release;
		};
/* End XCBuildConfiguration section */

/* Begin XCConfigurationList section */
		B249932B27A2641300246898 /* Build configuration list for PBXProject "loop timer" */ = {
			isa = XCConfigurationList;
			buildConfigurations = (
				B249936327A2641600246898 /* Debug */,
				B249936427A2641600246898 /* Release */,
			);
			defaultConfigurationIsVisible = 0;
			defaultConfigurationName = Release;
		};
		B249936527A2641600246898 /* Build configuration list for PBXNativeTarget "loop timer WatchKit Extension" */ = {
			isa = XCConfigurationList;
			buildConfigurations = (
				B249936627A2641600246898 /* Debug */,
				B249936727A2641600246898 /* Release */,
			);
			defaultConfigurationIsVisible = 0;
			defaultConfigurationName = Release;
		};
		B249936927A2641600246898 /* Build configuration list for PBXNativeTarget "loop timer WatchKit App" */ = {
			isa = XCConfigurationList;
			buildConfigurations = (
				B249936A27A2641600246898 /* Debug */,
				B249936B27A2641600246898 /* Release */,
			);
			defaultConfigurationIsVisible = 0;
			defaultConfigurationName = Release;
		};
		B249936D27A2641600246898 /* Build configuration list for PBXNativeTarget "loop timer" */ = {
			isa = XCConfigurationList;
			buildConfigurations = (
				B249936E27A2641600246898 /* Debug */,
				B249936F27A2641600246898 /* Release */,
			);
			defaultConfigurationIsVisible = 0;
			defaultConfigurationName = Release;
		};
/* End XCConfigurationList section */
	};
	rootObject = B249932827A2641300246898 /* Project object */;
}
